
Microsoft Visual Studio Solution File, Format Version 12.00
# Visual Studio 15
VisualStudioVersion = 15.0.27130.2036
MinimumVisualStudioVersion = 10.0.40219.1
Project("{2150E333-8FDC-42A3-9474-1A3956D46DE8}") = "hw1", "hw1", "{A679CF66-AF21-42CE-9428-B1443C480B74}"
EndProject
Project("{8BC9CEB8-8B4A-11D0-8D11-00A0C91BC942}") = "Project1", "hw1\Project1\Project1.vcxproj", "{A833E6A4-F279-436C-BCEE-B0FCFF9A95A4}"
EndProject
Project("{8BC9CEB8-8B4A-11D0-8D11-00A0C91BC942}") = "Project1_b", "hw1\Project1_b\Project1_b.vcxproj", "{AEE1469D-73DD-403D-82D2-31C449D73BD5}"
EndProject
Project("{8BC9CEB8-8B4A-11D0-8D11-00A0C91BC942}") = "Project2", "hw1\Project2\Project2.vcxproj", "{CD7893A4-AACE-47B2-967B-FBF03FB51418}"
EndProject
Project("{8BC9CEB8-8B4A-11D0-8D11-00A0C91BC942}") = "Project3", "hw1\Project3\Project3.vcxproj", "{B5EC5725-0A3C-44AD-854F-6E45F552152D}"
EndProject
Project("{8BC9CEB8-8B4A-11D0-8D11-00A0C91BC942}") = "Project4", "hw1\Project4\Project4.vcxproj", "{AF117E28-DDA4-4985-8D70-E6F913A999A6}"
EndProject
Project("{8BC9CEB8-8B4A-11D0-8D11-00A0C91BC942}") = "Project5", "hw1\Project5\Project5.vcxproj", "{706627D2-8731-4C69-A503-4697672BA157}"
EndProject
Project("{2150E333-8FDC-42A3-9474-1A3956D46DE8}") = "hw2", "hw2", "{8607C71B-3E56-4A46-8171-DB572F0A4AB0}"
EndProject
Project("{8BC9CEB8-8B4A-11D0-8D11-00A0C91BC942}") = "HeapManager", "hw2\Project1\Project1.vcxproj", "{C15C9060-2504-4134-9893-FB2B712BC857}"
EndProject
Project("{8BC9CEB8-8B4A-11D0-8D11-00A0C91BC942}") = "ProjectDll", "hw3\ProjectDll\ProjectDll.vcxproj", "{0AE63DDF-CFDD-49CD-A84B-329932C23005}"
EndProject
Project("{2150E333-8FDC-42A3-9474-1A3956D46DE8}") = "hw3", "hw3", "{ACE8817B-05A9-4D6F-9D47-AB58FAF2E022}"
EndProject
Project("{8BC9CEB8-8B4A-11D0-8D11-00A0C91BC942}") = "DllImport", "hw3\DllImport\DllImport.vcxproj", "{BBB3838D-0A6E-4977-985C-4C181EFD227A}"
EndProject
Project("{8BC9CEB8-8B4A-11D0-8D11-00A0C91BC942}") = "DllExport", "hw3\DllExport\DllExport.vcxproj", "{612C554D-4C51-4F4E-917F-C6C21A8FF820}"
	ProjectSection(ProjectDependencies) = postProject
		{0AE63DDF-CFDD-49CD-A84B-329932C23005} = {0AE63DDF-CFDD-49CD-A84B-329932C23005}
	EndProjectSection
EndProject
Project("{8BC9CEB8-8B4A-11D0-8D11-00A0C91BC942}") = "ProjectStaticLib", "hw3\ProjectStaticLib\ProjectStaticLib.vcxproj", "{7368E5B8-BC5A-4469-A67F-7247B2FD2604}"
EndProject
Project("{8BC9CEB8-8B4A-11D0-8D11-00A0C91BC942}") = "StaticLibImport", "StaticLibImport\StaticLibImport.vcxproj", "{0EA9F54A-D61B-421B-B708-4C81E09F44D8}"
EndProject
Global
	GlobalSection(SolutionConfigurationPlatforms) = preSolution
		Debug|ARM = Debug|ARM
		Debug|x64 = Debug|x64
		Debug|x86 = Debug|x86
		Release|ARM = Release|ARM
		Release|x64 = Release|x64
		Release|x86 = Release|x86
	EndGlobalSection
	GlobalSection(ProjectConfigurationPlatforms) = postSolution
		{A833E6A4-F279-436C-BCEE-B0FCFF9A95A4}.Debug|ARM.ActiveCfg = Debug|Win32
		{A833E6A4-F279-436C-BCEE-B0FCFF9A95A4}.Debug|x64.ActiveCfg = Debug|x64
		{A833E6A4-F279-436C-BCEE-B0FCFF9A95A4}.Debug|x64.Build.0 = Debug|x64
		{A833E6A4-F279-436C-BCEE-B0FCFF9A95A4}.Debug|x86.ActiveCfg = Debug|Win32
		{A833E6A4-F279-436C-BCEE-B0FCFF9A95A4}.Debug|x86.Build.0 = Debug|Win32
		{A833E6A4-F279-436C-BCEE-B0FCFF9A95A4}.Release|ARM.ActiveCfg = Release|Win32
		{A833E6A4-F279-436C-BCEE-B0FCFF9A95A4}.Release|x64.ActiveCfg = Release|x64
		{A833E6A4-F279-436C-BCEE-B0FCFF9A95A4}.Release|x64.Build.0 = Release|x64
		{A833E6A4-F279-436C-BCEE-B0FCFF9A95A4}.Release|x86.ActiveCfg = Release|Win32
		{A833E6A4-F279-436C-BCEE-B0FCFF9A95A4}.Release|x86.Build.0 = Release|Win32
		{AEE1469D-73DD-403D-82D2-31C449D73BD5}.Debug|ARM.ActiveCfg = Debug|Win32
		{AEE1469D-73DD-403D-82D2-31C449D73BD5}.Debug|x64.ActiveCfg = Debug|x64
		{AEE1469D-73DD-403D-82D2-31C449D73BD5}.Debug|x64.Build.0 = Debug|x64
		{AEE1469D-73DD-403D-82D2-31C449D73BD5}.Debug|x86.ActiveCfg = Debug|Win32
		{AEE1469D-73DD-403D-82D2-31C449D73BD5}.Debug|x86.Build.0 = Debug|Win32
		{AEE1469D-73DD-403D-82D2-31C449D73BD5}.Release|ARM.ActiveCfg = Release|Win32
		{AEE1469D-73DD-403D-82D2-31C449D73BD5}.Release|x64.ActiveCfg = Release|x64
		{AEE1469D-73DD-403D-82D2-31C449D73BD5}.Release|x64.Build.0 = Release|x64
		{AEE1469D-73DD-403D-82D2-31C449D73BD5}.Release|x86.ActiveCfg = Release|Win32
		{AEE1469D-73DD-403D-82D2-31C449D73BD5}.Release|x86.Build.0 = Release|Win32
		{CD7893A4-AACE-47B2-967B-FBF03FB51418}.Debug|ARM.ActiveCfg = Debug|Win32
		{CD7893A4-AACE-47B2-967B-FBF03FB51418}.Debug|x64.ActiveCfg = Debug|x64
		{CD7893A4-AACE-47B2-967B-FBF03FB51418}.Debug|x64.Build.0 = Debug|x64
		{CD7893A4-AACE-47B2-967B-FBF03FB51418}.Debug|x86.ActiveCfg = Debug|Win32
		{CD7893A4-AACE-47B2-967B-FBF03FB51418}.Debug|x86.Build.0 = Debug|Win32
		{CD7893A4-AACE-47B2-967B-FBF03FB51418}.Release|ARM.ActiveCfg = Release|Win32
		{CD7893A4-AACE-47B2-967B-FBF03FB51418}.Release|x64.ActiveCfg = Release|x64
		{CD7893A4-AACE-47B2-967B-FBF03FB51418}.Release|x64.Build.0 = Release|x64
		{CD7893A4-AACE-47B2-967B-FBF03FB51418}.Release|x86.ActiveCfg = Release|Win32
		{CD7893A4-AACE-47B2-967B-FBF03FB51418}.Release|x86.Build.0 = Release|Win32
		{B5EC5725-0A3C-44AD-854F-6E45F552152D}.Debug|ARM.ActiveCfg = Debug|Win32
		{B5EC5725-0A3C-44AD-854F-6E45F552152D}.Debug|x64.ActiveCfg = Debug|x64
		{B5EC5725-0A3C-44AD-854F-6E45F552152D}.Debug|x64.Build.0 = Debug|x64
		{B5EC5725-0A3C-44AD-854F-6E45F552152D}.Debug|x86.ActiveCfg = Debug|Win32
		{B5EC5725-0A3C-44AD-854F-6E45F552152D}.Debug|x86.Build.0 = Debug|Win32
		{B5EC5725-0A3C-44AD-854F-6E45F552152D}.Release|ARM.ActiveCfg = Release|Win32
		{B5EC5725-0A3C-44AD-854F-6E45F552152D}.Release|x64.ActiveCfg = Release|x64
		{B5EC5725-0A3C-44AD-854F-6E45F552152D}.Release|x64.Build.0 = Release|x64
		{B5EC5725-0A3C-44AD-854F-6E45F552152D}.Release|x86.ActiveCfg = Release|Win32
		{B5EC5725-0A3C-44AD-854F-6E45F552152D}.Release|x86.Build.0 = Release|Win32
		{AF117E28-DDA4-4985-8D70-E6F913A999A6}.Debug|ARM.ActiveCfg = Debug|Win32
		{AF117E28-DDA4-4985-8D70-E6F913A999A6}.Debug|x64.ActiveCfg = Debug|x64
		{AF117E28-DDA4-4985-8D70-E6F913A999A6}.Debug|x64.Build.0 = Debug|x64
		{AF117E28-DDA4-4985-8D70-E6F913A999A6}.Debug|x86.ActiveCfg = Debug|Win32
		{AF117E28-DDA4-4985-8D70-E6F913A999A6}.Debug|x86.Build.0 = Debug|Win32
		{AF117E28-DDA4-4985-8D70-E6F913A999A6}.Release|ARM.ActiveCfg = Release|Win32
		{AF117E28-DDA4-4985-8D70-E6F913A999A6}.Release|x64.ActiveCfg = Release|x64
		{AF117E28-DDA4-4985-8D70-E6F913A999A6}.Release|x64.Build.0 = Release|x64
		{AF117E28-DDA4-4985-8D70-E6F913A999A6}.Release|x86.ActiveCfg = Release|Win32
		{AF117E28-DDA4-4985-8D70-E6F913A999A6}.Release|x86.Build.0 = Release|Win32
		{706627D2-8731-4C69-A503-4697672BA157}.Debug|ARM.ActiveCfg = Debug|Win32
		{706627D2-8731-4C69-A503-4697672BA157}.Debug|x64.ActiveCfg = Debug|x64
		{706627D2-8731-4C69-A503-4697672BA157}.Debug|x64.Build.0 = Debug|x64
		{706627D2-8731-4C69-A503-4697672BA157}.Debug|x86.ActiveCfg = Debug|Win32
		{706627D2-8731-4C69-A503-4697672BA157}.Debug|x86.Build.0 = Debug|Win32
		{706627D2-8731-4C69-A503-4697672BA157}.Release|ARM.ActiveCfg = Release|Win32
		{706627D2-8731-4C69-A503-4697672BA157}.Release|x64.ActiveCfg = Release|x64
		{706627D2-8731-4C69-A503-4697672BA157}.Release|x64.Build.0 = Release|x64
		{706627D2-8731-4C69-A503-4697672BA157}.Release|x86.ActiveCfg = Release|Win32
		{706627D2-8731-4C69-A503-4697672BA157}.Release|x86.Build.0 = Release|Win32
		{C15C9060-2504-4134-9893-FB2B712BC857}.Debug|ARM.ActiveCfg = Debug|Win32
		{C15C9060-2504-4134-9893-FB2B712BC857}.Debug|x64.ActiveCfg = Debug|x64
		{C15C9060-2504-4134-9893-FB2B712BC857}.Debug|x64.Build.0 = Debug|x64
		{C15C9060-2504-4134-9893-FB2B712BC857}.Debug|x86.ActiveCfg = Debug|Win32
		{C15C9060-2504-4134-9893-FB2B712BC857}.Debug|x86.Build.0 = Debug|Win32
		{C15C9060-2504-4134-9893-FB2B712BC857}.Release|ARM.ActiveCfg = Release|Win32
		{C15C9060-2504-4134-9893-FB2B712BC857}.Release|x64.ActiveCfg = Release|x64
		{C15C9060-2504-4134-9893-FB2B712BC857}.Release|x64.Build.0 = Release|x64
		{C15C9060-2504-4134-9893-FB2B712BC857}.Release|x86.ActiveCfg = Release|Win32
		{C15C9060-2504-4134-9893-FB2B712BC857}.Release|x86.Build.0 = Release|Win32
		{0AE63DDF-CFDD-49CD-A84B-329932C23005}.Debug|ARM.ActiveCfg = Debug|Win32
		{0AE63DDF-CFDD-49CD-A84B-329932C23005}.Debug|x64.ActiveCfg = Debug|x64
		{0AE63DDF-CFDD-49CD-A84B-329932C23005}.Debug|x64.Build.0 = Debug|x64
		{0AE63DDF-CFDD-49CD-A84B-329932C23005}.Debug|x86.ActiveCfg = Debug|Win32
		{0AE63DDF-CFDD-49CD-A84B-329932C23005}.Debug|x86.Build.0 = Debug|Win32
		{0AE63DDF-CFDD-49CD-A84B-329932C23005}.Release|ARM.ActiveCfg = Release|Win32
		{0AE63DDF-CFDD-49CD-A84B-329932C23005}.Release|x64.ActiveCfg = Release|x64
		{0AE63DDF-CFDD-49CD-A84B-329932C23005}.Release|x64.Build.0 = Release|x64
		{0AE63DDF-CFDD-49CD-A84B-329932C23005}.Release|x86.ActiveCfg = Release|Win32
		{0AE63DDF-CFDD-49CD-A84B-329932C23005}.Release|x86.Build.0 = Release|Win32
		{BBB3838D-0A6E-4977-985C-4C181EFD227A}.Debug|ARM.ActiveCfg = Debug|Win32
		{BBB3838D-0A6E-4977-985C-4C181EFD227A}.Debug|x64.ActiveCfg = Debug|x64
		{BBB3838D-0A6E-4977-985C-4C181EFD227A}.Debug|x64.Build.0 = Debug|x64
		{BBB3838D-0A6E-4977-985C-4C181EFD227A}.Debug|x86.ActiveCfg = Debug|Win32
		{BBB3838D-0A6E-4977-985C-4C181EFD227A}.Debug|x86.Build.0 = Debug|Win32
		{BBB3838D-0A6E-4977-985C-4C181EFD227A}.Release|ARM.ActiveCfg = Release|Win32
		{BBB3838D-0A6E-4977-985C-4C181EFD227A}.Release|x64.ActiveCfg = Release|x64
		{BBB3838D-0A6E-4977-985C-4C181EFD227A}.Release|x64.Build.0 = Release|x64
		{BBB3838D-0A6E-4977-985C-4C181EFD227A}.Release|x86.ActiveCfg = Release|Win32
		{BBB3838D-0A6E-4977-985C-4C181EFD227A}.Release|x86.Build.0 = Release|Win32
		{612C554D-4C51-4F4E-917F-C6C21A8FF820}.Debug|ARM.ActiveCfg = Debug|Win32
		{612C554D-4C51-4F4E-917F-C6C21A8FF820}.Debug|x64.ActiveCfg = Debug|x64
		{612C554D-4C51-4F4E-917F-C6C21A8FF820}.Debug|x64.Build.0 = Debug|x64
		{612C554D-4C51-4F4E-917F-C6C21A8FF820}.Debug|x86.ActiveCfg = Debug|Win32
		{612C554D-4C51-4F4E-917F-C6C21A8FF820}.Debug|x86.Build.0 = Debug|Win32
		{612C554D-4C51-4F4E-917F-C6C21A8FF820}.Release|ARM.ActiveCfg = Release|Win32
		{612C554D-4C51-4F4E-917F-C6C21A8FF820}.Release|x64.ActiveCfg = Release|x64
		{612C554D-4C51-4F4E-917F-C6C21A8FF820}.Release|x64.Build.0 = Release|x64
		{612C554D-4C51-4F4E-917F-C6C21A8FF820}.Release|x86.ActiveCfg = Release|Win32
		{612C554D-4C51-4F4E-917F-C6C21A8FF820}.Release|x86.Build.0 = Release|Win32
		{7368E5B8-BC5A-4469-A67F-7247B2FD2604}.Debug|ARM.ActiveCfg = Debug|Win32
		{7368E5B8-BC5A-4469-A67F-7247B2FD2604}.Debug|x64.ActiveCfg = Debug|x64
		{7368E5B8-BC5A-4469-A67F-7247B2FD2604}.Debug|x64.Build.0 = Debug|x64
		{7368E5B8-BC5A-4469-A67F-7247B2FD2604}.Debug|x86.ActiveCfg = Debug|Win32
		{7368E5B8-BC5A-4469-A67F-7247B2FD2604}.Debug|x86.Build.0 = Debug|Win32
		{7368E5B8-BC5A-4469-A67F-7247B2FD2604}.Release|ARM.ActiveCfg = Release|Win32
		{7368E5B8-BC5A-4469-A67F-7247B2FD2604}.Release|x64.ActiveCfg = Release|x64
		{7368E5B8-BC5A-4469-A67F-7247B2FD2604}.Release|x64.Build.0 = Release|x64
		{7368E5B8-BC5A-4469-A67F-7247B2FD2604}.Release|x86.ActiveCfg = Release|Win32
		{7368E5B8-BC5A-4469-A67F-7247B2FD2604}.Release|x86.Build.0 = Release|Win32
		{0EA9F54A-D61B-421B-B708-4C81E09F44D8}.Debug|ARM.ActiveCfg = Debug|Win32
		{0EA9F54A-D61B-421B-B708-4C81E09F44D8}.Debug|x64.ActiveCfg = Debug|x64
		{0EA9F54A-D61B-421B-B708-4C81E09F44D8}.Debug|x64.Build.0 = Debug|x64
		{0EA9F54A-D61B-421B-B708-4C81E09F44D8}.Debug|x86.ActiveCfg = Debug|Win32
		{0EA9F54A-D61B-421B-B708-4C81E09F44D8}.Debug|x86.Build.0 = Debug|Win32
		{0EA9F54A-D61B-421B-B708-4C81E09F44D8}.Release|ARM.ActiveCfg = Release|Win32
		{0EA9F54A-D61B-421B-B708-4C81E09F44D8}.Release|x64.ActiveCfg = Release|x64
		{0EA9F54A-D61B-421B-B708-4C81E09F44D8}.Release|x64.Build.0 = Release|x64
		{0EA9F54A-D61B-421B-B708-4C81E09F44D8}.Release|x86.ActiveCfg = Release|Win32
		{0EA9F54A-D61B-421B-B708-4C81E09F44D8}.Release|x86.Build.0 = Release|Win32
	EndGlobalSection
	GlobalSection(SolutionProperties) = preSolution
		HideSolutionNode = FALSE
	EndGlobalSection
	GlobalSection(NestedProjects) = preSolution
		{A833E6A4-F279-436C-BCEE-B0FCFF9A95A4} = {A679CF66-AF21-42CE-9428-B1443C480B74}
		{AEE1469D-73DD-403D-82D2-31C449D73BD5} = {A679CF66-AF21-42CE-9428-B1443C480B74}
		{CD7893A4-AACE-47B2-967B-FBF03FB51418} = {A679CF66-AF21-42CE-9428-B1443C480B74}
		{B5EC5725-0A3C-44AD-854F-6E45F552152D} = {A679CF66-AF21-42CE-9428-B1443C480B74}
		{AF117E28-DDA4-4985-8D70-E6F913A999A6} = {A679CF66-AF21-42CE-9428-B1443C480B74}
		{706627D2-8731-4C69-A503-4697672BA157} = {A679CF66-AF21-42CE-9428-B1443C480B74}
		{C15C9060-2504-4134-9893-FB2B712BC857} = {8607C71B-3E56-4A46-8171-DB572F0A4AB0}
		{0AE63DDF-CFDD-49CD-A84B-329932C23005} = {ACE8817B-05A9-4D6F-9D47-AB58FAF2E022}
		{BBB3838D-0A6E-4977-985C-4C181EFD227A} = {ACE8817B-05A9-4D6F-9D47-AB58FAF2E022}
		{612C554D-4C51-4F4E-917F-C6C21A8FF820} = {ACE8817B-05A9-4D6F-9D47-AB58FAF2E022}
		{7368E5B8-BC5A-4469-A67F-7247B2FD2604} = {ACE8817B-05A9-4D6F-9D47-AB58FAF2E022}
		{0EA9F54A-D61B-421B-B708-4C81E09F44D8} = {ACE8817B-05A9-4D6F-9D47-AB58FAF2E022}
	EndGlobalSection
	GlobalSection(ExtensibilityGlobals) = postSolution
		SolutionGuid = {EF43D640-5C2F-48D6-A18C-47AB1754C0B0}
	EndGlobalSection
EndGlobal
